
Microsoft Visual Studio Solution File, Format Version 12.00
# Visual Studio Version 17
VisualStudioVersion = 17.7.34031.279
MinimumVisualStudioVersion = 10.0.40219.1
Project("{FAE04EC0-301F-11D3-BF4B-00C04F79EFBC}") = "Library_Management", "Library_Management\Library_Management.csproj", "{C5416D19-8C77-4590-8B72-81182AC425DD}"
EndProject
Global
	GlobalSection(SolutionConfigurationPlatforms) = preSolution
		Debug|Any CPU = Debug|Any CPU
		Release|Any CPU = Release|Any CPU
	EndGlobalSection
	GlobalSection(ProjectConfigurationPlatforms) = postSolution
		{C5416D19-8C77-4590-8B72-81182AC425DD}.Debug|Any CPU.ActiveCfg = Debug|Any CPU
		{C5416D19-8C77-4590-8B72-81182AC425DD}.Debug|Any CPU.Build.0 = Debug|Any CPU
		{C5416D19-8C77-4590-8B72-81182AC425DD}.Release|Any CPU.ActiveCfg = Release|Any CPU
		{C5416D19-8C77-4590-8B72-81182AC425DD}.Release|Any CPU.Build.0 = Release|Any CPU
	EndGlobalSection
	GlobalSection(SolutionProperties) = preSolution
		HideSolutionNode = FALSE
	EndGlobalSection
	GlobalSection(ExtensibilityGlobals) = postSolution
		SolutionGuid = {AB6D2331-89F8-4540-B2A7-AAB348182B45}
	EndGlobalSection
EndGlobal
